
Microsoft Visual Studio Solution File, Format Version 11.00
# Visual Studio 2010
Project("{FAE04EC0-301F-11D3-BF4B-00C04F79EFBC}") = "ThisToBecomeA_GodInUnity", "Assembly-CSharp.csproj", "{4906E9B2-62A8-2913-65E3-3F4DA5FDE9D9}"
EndProject
Project("{FAE04EC0-301F-11D3-BF4B-00C04F79EFBC}") = "ThisToBecomeA_GodInUnity", "Assembly-CSharp-Editor.csproj", "{05D07F74-B3B3-3B50-0E4F-F7AD30E0178F}"
EndProject
Global
	GlobalSection(SolutionConfigurationPlatforms) = preSolution
		Debug|Any CPU = Debug|Any CPU
		Release|Any CPU = Release|Any CPU
	EndGlobalSection
	GlobalSection(ProjectConfigurationPlatforms) = postSolution
		{4906E9B2-62A8-2913-65E3-3F4DA5FDE9D9}.Debug|Any CPU.ActiveCfg = Debug|Any CPU
		{4906E9B2-62A8-2913-65E3-3F4DA5FDE9D9}.Debug|Any CPU.Build.0 = Debug|Any CPU
		{4906E9B2-62A8-2913-65E3-3F4DA5FDE9D9}.Release|Any CPU.ActiveCfg = Release|Any CPU
		{4906E9B2-62A8-2913-65E3-3F4DA5FDE9D9}.Release|Any CPU.Build.0 = Release|Any CPU
		{05D07F74-B3B3-3B50-0E4F-F7AD30E0178F}.Debug|Any CPU.ActiveCfg = Debug|Any CPU
		{05D07F74-B3B3-3B50-0E4F-F7AD30E0178F}.Debug|Any CPU.Build.0 = Debug|Any CPU
		{05D07F74-B3B3-3B50-0E4F-F7AD30E0178F}.Release|Any CPU.ActiveCfg = Release|Any CPU
		{05D07F74-B3B3-3B50-0E4F-F7AD30E0178F}.Release|Any CPU.Build.0 = Release|Any CPU
	EndGlobalSection
	GlobalSection(SolutionProperties) = preSolution
		HideSolutionNode = FALSE
	EndGlobalSection
	GlobalSection(MonoDevelopProperties) = preSolution
		StartupItem = Assembly-CSharp.csproj
	EndGlobalSection
EndGlobal
